
Microsoft Visual Studio Solution File, Format Version 12.00
# Visual Studio Version 16
Project("{2150E333-8FDC-42A3-9474-1A3956D46DE8}") = "CMakePredefinedTargets", "CMakePredefinedTargets", "{DF2D7D3F-0C7B-3769-AF84-71796D30A647}"
EndProject
Project("{2150E333-8FDC-42A3-9474-1A3956D46DE8}") = "External", "External", "{E648DD3A-0315-30EF-A3F2-DE2A7531E255}"
EndProject
Project("{2150E333-8FDC-42A3-9474-1A3956D46DE8}") = "Internal", "Internal", "{5A6A7265-947A-3DFD-806E-C243F071A1C9}"
EndProject
Project("{2150E333-8FDC-42A3-9474-1A3956D46DE8}") = "Utils", "Utils", "{2653CEA3-2940-31E4-957A-3AA0BB3DF06D}"
EndProject
Project("{8BC9CEB8-8B4A-11D0-8D11-00A0C91BC942}") = "ALL_BUILD", "ALL_BUILD.vcxproj", "{60FF56AC-2D70-347A-A712-1413B9DDEF68}"
	ProjectSection(ProjectDependencies) = postProject
		{A84C1E76-3720-3F8E-8D81-0BEB64056A98} = {A84C1E76-3720-3F8E-8D81-0BEB64056A98}
		{B50D7CFA-EB40-30C5-85B3-91A0B6E7DB94} = {B50D7CFA-EB40-30C5-85B3-91A0B6E7DB94}
		{D23DF2B1-66DE-3065-8DBD-3605C1F2098E} = {D23DF2B1-66DE-3065-8DBD-3605C1F2098E}
		{107B5706-2AA0-3D1A-AF1A-4E420DA32BC2} = {107B5706-2AA0-3D1A-AF1A-4E420DA32BC2}
		{237BEE10-C560-3B20-B3C7-758DBBBE1864} = {237BEE10-C560-3B20-B3C7-758DBBBE1864}
		{C04AEDAD-4889-3E6D-A0B3-88594CDBE1CF} = {C04AEDAD-4889-3E6D-A0B3-88594CDBE1CF}
		{9D6B748F-DA26-3275-89E0-D2CF7E99E06E} = {9D6B748F-DA26-3275-89E0-D2CF7E99E06E}
		{7DB6F850-9623-39B3-8CC0-9E86DADDE1A0} = {7DB6F850-9623-39B3-8CC0-9E86DADDE1A0}
		{909B5DE7-30CB-396D-A505-6FB8D4667213} = {909B5DE7-30CB-396D-A505-6FB8D4667213}
		{8A24039A-EB58-39E4-AA06-DE6BD569E281} = {8A24039A-EB58-39E4-AA06-DE6BD569E281}
		{B87154E5-F068-3E04-8A03-CC7EEEF56D09} = {B87154E5-F068-3E04-8A03-CC7EEEF56D09}
		{B2073E32-8942-3DE0-ADEE-5986E2A4D206} = {B2073E32-8942-3DE0-ADEE-5986E2A4D206}
		{E8E8BF5D-6B56-39AF-BE94-6B53AE36EE8C} = {E8E8BF5D-6B56-39AF-BE94-6B53AE36EE8C}
		{C0EDE878-08D8-356D-81D3-BE2274C425FA} = {C0EDE878-08D8-356D-81D3-BE2274C425FA}
		{CCA522EC-1B13-351A-8870-A7E2EF20713E} = {CCA522EC-1B13-351A-8870-A7E2EF20713E}
	EndProjectSection
EndProject
Project("{8BC9CEB8-8B4A-11D0-8D11-00A0C91BC942}") = "SETerminal", "SETerminal.vcxproj", "{A84C1E76-3720-3F8E-8D81-0BEB64056A98}"
	ProjectSection(ProjectDependencies) = postProject
		{B50D7CFA-EB40-30C5-85B3-91A0B6E7DB94} = {B50D7CFA-EB40-30C5-85B3-91A0B6E7DB94}
		{D23DF2B1-66DE-3065-8DBD-3605C1F2098E} = {D23DF2B1-66DE-3065-8DBD-3605C1F2098E}
		{107B5706-2AA0-3D1A-AF1A-4E420DA32BC2} = {107B5706-2AA0-3D1A-AF1A-4E420DA32BC2}
		{237BEE10-C560-3B20-B3C7-758DBBBE1864} = {237BEE10-C560-3B20-B3C7-758DBBBE1864}
		{C04AEDAD-4889-3E6D-A0B3-88594CDBE1CF} = {C04AEDAD-4889-3E6D-A0B3-88594CDBE1CF}
		{9D6B748F-DA26-3275-89E0-D2CF7E99E06E} = {9D6B748F-DA26-3275-89E0-D2CF7E99E06E}
		{7DB6F850-9623-39B3-8CC0-9E86DADDE1A0} = {7DB6F850-9623-39B3-8CC0-9E86DADDE1A0}
		{909B5DE7-30CB-396D-A505-6FB8D4667213} = {909B5DE7-30CB-396D-A505-6FB8D4667213}
		{8A24039A-EB58-39E4-AA06-DE6BD569E281} = {8A24039A-EB58-39E4-AA06-DE6BD569E281}
		{B87154E5-F068-3E04-8A03-CC7EEEF56D09} = {B87154E5-F068-3E04-8A03-CC7EEEF56D09}
		{B2073E32-8942-3DE0-ADEE-5986E2A4D206} = {B2073E32-8942-3DE0-ADEE-5986E2A4D206}
		{E8E8BF5D-6B56-39AF-BE94-6B53AE36EE8C} = {E8E8BF5D-6B56-39AF-BE94-6B53AE36EE8C}
		{C0EDE878-08D8-356D-81D3-BE2274C425FA} = {C0EDE878-08D8-356D-81D3-BE2274C425FA}
		{CCA522EC-1B13-351A-8870-A7E2EF20713E} = {CCA522EC-1B13-351A-8870-A7E2EF20713E}
	EndProjectSection
EndProject
Project("{8BC9CEB8-8B4A-11D0-8D11-00A0C91BC942}") = "SYNC_RESOURCE-SETerminal", "SYNC_RESOURCE-SETerminal.vcxproj", "{B50D7CFA-EB40-30C5-85B3-91A0B6E7DB94}"
	ProjectSection(ProjectDependencies) = postProject
		{D23DF2B1-66DE-3065-8DBD-3605C1F2098E} = {D23DF2B1-66DE-3065-8DBD-3605C1F2098E}
	EndProjectSection
EndProject
Project("{8BC9CEB8-8B4A-11D0-8D11-00A0C91BC942}") = "ZERO_CHECK", "ZERO_CHECK.vcxproj", "{D23DF2B1-66DE-3065-8DBD-3605C1F2098E}"
	ProjectSection(ProjectDependencies) = postProject
	EndProjectSection
EndProject
Project("{8BC9CEB8-8B4A-11D0-8D11-00A0C91BC942}") = "cocos2d", "engine\cocos\core\cocos2d.vcxproj", "{107B5706-2AA0-3D1A-AF1A-4E420DA32BC2}"
	ProjectSection(ProjectDependencies) = postProject
		{D23DF2B1-66DE-3065-8DBD-3605C1F2098E} = {D23DF2B1-66DE-3065-8DBD-3605C1F2098E}
		{237BEE10-C560-3B20-B3C7-758DBBBE1864} = {237BEE10-C560-3B20-B3C7-758DBBBE1864}
		{C04AEDAD-4889-3E6D-A0B3-88594CDBE1CF} = {C04AEDAD-4889-3E6D-A0B3-88594CDBE1CF}
		{9D6B748F-DA26-3275-89E0-D2CF7E99E06E} = {9D6B748F-DA26-3275-89E0-D2CF7E99E06E}
		{7DB6F850-9623-39B3-8CC0-9E86DADDE1A0} = {7DB6F850-9623-39B3-8CC0-9E86DADDE1A0}
		{909B5DE7-30CB-396D-A505-6FB8D4667213} = {909B5DE7-30CB-396D-A505-6FB8D4667213}
		{8A24039A-EB58-39E4-AA06-DE6BD569E281} = {8A24039A-EB58-39E4-AA06-DE6BD569E281}
		{B87154E5-F068-3E04-8A03-CC7EEEF56D09} = {B87154E5-F068-3E04-8A03-CC7EEEF56D09}
		{B2073E32-8942-3DE0-ADEE-5986E2A4D206} = {B2073E32-8942-3DE0-ADEE-5986E2A4D206}
		{E8E8BF5D-6B56-39AF-BE94-6B53AE36EE8C} = {E8E8BF5D-6B56-39AF-BE94-6B53AE36EE8C}
		{C0EDE878-08D8-356D-81D3-BE2274C425FA} = {C0EDE878-08D8-356D-81D3-BE2274C425FA}
		{CCA522EC-1B13-351A-8870-A7E2EF20713E} = {CCA522EC-1B13-351A-8870-A7E2EF20713E}
	EndProjectSection
EndProject
Project("{8BC9CEB8-8B4A-11D0-8D11-00A0C91BC942}") = "ext_clipper", "engine\external\clipper\ext_clipper.vcxproj", "{237BEE10-C560-3B20-B3C7-758DBBBE1864}"
	ProjectSection(ProjectDependencies) = postProject
		{D23DF2B1-66DE-3065-8DBD-3605C1F2098E} = {D23DF2B1-66DE-3065-8DBD-3605C1F2098E}
	EndProjectSection
EndProject
Project("{8BC9CEB8-8B4A-11D0-8D11-00A0C91BC942}") = "ext_convertUTF", "engine\external\ConvertUTF\ext_convertUTF.vcxproj", "{C04AEDAD-4889-3E6D-A0B3-88594CDBE1CF}"
	ProjectSection(ProjectDependencies) = postProject
		{D23DF2B1-66DE-3065-8DBD-3605C1F2098E} = {D23DF2B1-66DE-3065-8DBD-3605C1F2098E}
	EndProjectSection
EndProject
Project("{8BC9CEB8-8B4A-11D0-8D11-00A0C91BC942}") = "ext_edtaa3func", "engine\external\edtaa3func\ext_edtaa3func.vcxproj", "{9D6B748F-DA26-3275-89E0-D2CF7E99E06E}"
	ProjectSection(ProjectDependencies) = postProject
		{D23DF2B1-66DE-3065-8DBD-3605C1F2098E} = {D23DF2B1-66DE-3065-8DBD-3605C1F2098E}
	EndProjectSection
EndProject
Project("{8BC9CEB8-8B4A-11D0-8D11-00A0C91BC942}") = "ext_md5", "engine\external\md5\ext_md5.vcxproj", "{7DB6F850-9623-39B3-8CC0-9E86DADDE1A0}"
	ProjectSection(ProjectDependencies) = postProject
		{D23DF2B1-66DE-3065-8DBD-3605C1F2098E} = {D23DF2B1-66DE-3065-8DBD-3605C1F2098E}
	EndProjectSection
EndProject
Project("{8BC9CEB8-8B4A-11D0-8D11-00A0C91BC942}") = "ext_poly2tri", "engine\external\poly2tri\ext_poly2tri.vcxproj", "{909B5DE7-30CB-396D-A505-6FB8D4667213}"
	ProjectSection(ProjectDependencies) = postProject
		{D23DF2B1-66DE-3065-8DBD-3605C1F2098E} = {D23DF2B1-66DE-3065-8DBD-3605C1F2098E}
	EndProjectSection
EndProject
Project("{8BC9CEB8-8B4A-11D0-8D11-00A0C91BC942}") = "ext_recast", "engine\external\recast\ext_recast.vcxproj", "{8A24039A-EB58-39E4-AA06-DE6BD569E281}"
	ProjectSection(ProjectDependencies) = postProject
		{D23DF2B1-66DE-3065-8DBD-3605C1F2098E} = {D23DF2B1-66DE-3065-8DBD-3605C1F2098E}
	EndProjectSection
EndProject
Project("{8BC9CEB8-8B4A-11D0-8D11-00A0C91BC942}") = "ext_tinyxml2", "engine\external\tinyxml2\ext_tinyxml2.vcxproj", "{B87154E5-F068-3E04-8A03-CC7EEEF56D09}"
	ProjectSection(ProjectDependencies) = postProject
		{D23DF2B1-66DE-3065-8DBD-3605C1F2098E} = {D23DF2B1-66DE-3065-8DBD-3605C1F2098E}
	EndProjectSection
EndProject
Project("{8BC9CEB8-8B4A-11D0-8D11-00A0C91BC942}") = "ext_unzip", "engine\external\unzip\ext_unzip.vcxproj", "{B2073E32-8942-3DE0-ADEE-5986E2A4D206}"
	ProjectSection(ProjectDependencies) = postProject
		{D23DF2B1-66DE-3065-8DBD-3605C1F2098E} = {D23DF2B1-66DE-3065-8DBD-3605C1F2098E}
	EndProjectSection
EndProject
Project("{8BC9CEB8-8B4A-11D0-8D11-00A0C91BC942}") = "ext_xxhash", "engine\external\xxhash\ext_xxhash.vcxproj", "{E8E8BF5D-6B56-39AF-BE94-6B53AE36EE8C}"
	ProjectSection(ProjectDependencies) = postProject
		{D23DF2B1-66DE-3065-8DBD-3605C1F2098E} = {D23DF2B1-66DE-3065-8DBD-3605C1F2098E}
	EndProjectSection
EndProject
Project("{8BC9CEB8-8B4A-11D0-8D11-00A0C91BC942}") = "ext_xxtea", "engine\external\xxtea\ext_xxtea.vcxproj", "{C0EDE878-08D8-356D-81D3-BE2274C425FA}"
	ProjectSection(ProjectDependencies) = postProject
		{D23DF2B1-66DE-3065-8DBD-3605C1F2098E} = {D23DF2B1-66DE-3065-8DBD-3605C1F2098E}
	EndProjectSection
EndProject
Project("{8BC9CEB8-8B4A-11D0-8D11-00A0C91BC942}") = "external", "engine\external\external.vcxproj", "{CCA522EC-1B13-351A-8870-A7E2EF20713E}"
	ProjectSection(ProjectDependencies) = postProject
		{D23DF2B1-66DE-3065-8DBD-3605C1F2098E} = {D23DF2B1-66DE-3065-8DBD-3605C1F2098E}
		{237BEE10-C560-3B20-B3C7-758DBBBE1864} = {237BEE10-C560-3B20-B3C7-758DBBBE1864}
		{C04AEDAD-4889-3E6D-A0B3-88594CDBE1CF} = {C04AEDAD-4889-3E6D-A0B3-88594CDBE1CF}
		{9D6B748F-DA26-3275-89E0-D2CF7E99E06E} = {9D6B748F-DA26-3275-89E0-D2CF7E99E06E}
		{7DB6F850-9623-39B3-8CC0-9E86DADDE1A0} = {7DB6F850-9623-39B3-8CC0-9E86DADDE1A0}
		{909B5DE7-30CB-396D-A505-6FB8D4667213} = {909B5DE7-30CB-396D-A505-6FB8D4667213}
		{8A24039A-EB58-39E4-AA06-DE6BD569E281} = {8A24039A-EB58-39E4-AA06-DE6BD569E281}
		{B87154E5-F068-3E04-8A03-CC7EEEF56D09} = {B87154E5-F068-3E04-8A03-CC7EEEF56D09}
		{B2073E32-8942-3DE0-ADEE-5986E2A4D206} = {B2073E32-8942-3DE0-ADEE-5986E2A4D206}
		{E8E8BF5D-6B56-39AF-BE94-6B53AE36EE8C} = {E8E8BF5D-6B56-39AF-BE94-6B53AE36EE8C}
		{C0EDE878-08D8-356D-81D3-BE2274C425FA} = {C0EDE878-08D8-356D-81D3-BE2274C425FA}
	EndProjectSection
EndProject
Global
	GlobalSection(SolutionConfigurationPlatforms) = preSolution
		Debug|Win32 = Debug|Win32
		Release|Win32 = Release|Win32
		MinSizeRel|Win32 = MinSizeRel|Win32
		RelWithDebInfo|Win32 = RelWithDebInfo|Win32
	EndGlobalSection
	GlobalSection(ProjectConfigurationPlatforms) = postSolution
		{60FF56AC-2D70-347A-A712-1413B9DDEF68}.Debug|Win32.ActiveCfg = Debug|Win32
		{60FF56AC-2D70-347A-A712-1413B9DDEF68}.Release|Win32.ActiveCfg = Release|Win32
		{60FF56AC-2D70-347A-A712-1413B9DDEF68}.MinSizeRel|Win32.ActiveCfg = MinSizeRel|Win32
		{60FF56AC-2D70-347A-A712-1413B9DDEF68}.RelWithDebInfo|Win32.ActiveCfg = RelWithDebInfo|Win32
		{A84C1E76-3720-3F8E-8D81-0BEB64056A98}.Debug|Win32.ActiveCfg = Debug|Win32
		{A84C1E76-3720-3F8E-8D81-0BEB64056A98}.Debug|Win32.Build.0 = Debug|Win32
		{A84C1E76-3720-3F8E-8D81-0BEB64056A98}.Release|Win32.ActiveCfg = Release|Win32
		{A84C1E76-3720-3F8E-8D81-0BEB64056A98}.Release|Win32.Build.0 = Release|Win32
		{A84C1E76-3720-3F8E-8D81-0BEB64056A98}.MinSizeRel|Win32.ActiveCfg = MinSizeRel|Win32
		{A84C1E76-3720-3F8E-8D81-0BEB64056A98}.MinSizeRel|Win32.Build.0 = MinSizeRel|Win32
		{A84C1E76-3720-3F8E-8D81-0BEB64056A98}.RelWithDebInfo|Win32.ActiveCfg = RelWithDebInfo|Win32
		{A84C1E76-3720-3F8E-8D81-0BEB64056A98}.RelWithDebInfo|Win32.Build.0 = RelWithDebInfo|Win32
		{B50D7CFA-EB40-30C5-85B3-91A0B6E7DB94}.Debug|Win32.ActiveCfg = Debug|Win32
		{B50D7CFA-EB40-30C5-85B3-91A0B6E7DB94}.Debug|Win32.Build.0 = Debug|Win32
		{B50D7CFA-EB40-30C5-85B3-91A0B6E7DB94}.Release|Win32.ActiveCfg = Release|Win32
		{B50D7CFA-EB40-30C5-85B3-91A0B6E7DB94}.Release|Win32.Build.0 = Release|Win32
		{B50D7CFA-EB40-30C5-85B3-91A0B6E7DB94}.MinSizeRel|Win32.ActiveCfg = MinSizeRel|Win32
		{B50D7CFA-EB40-30C5-85B3-91A0B6E7DB94}.MinSizeRel|Win32.Build.0 = MinSizeRel|Win32
		{B50D7CFA-EB40-30C5-85B3-91A0B6E7DB94}.RelWithDebInfo|Win32.ActiveCfg = RelWithDebInfo|Win32
		{B50D7CFA-EB40-30C5-85B3-91A0B6E7DB94}.RelWithDebInfo|Win32.Build.0 = RelWithDebInfo|Win32
		{D23DF2B1-66DE-3065-8DBD-3605C1F2098E}.Debug|Win32.ActiveCfg = Debug|Win32
		{D23DF2B1-66DE-3065-8DBD-3605C1F2098E}.Debug|Win32.Build.0 = Debug|Win32
		{D23DF2B1-66DE-3065-8DBD-3605C1F2098E}.Release|Win32.ActiveCfg = Release|Win32
		{D23DF2B1-66DE-3065-8DBD-3605C1F2098E}.Release|Win32.Build.0 = Release|Win32
		{D23DF2B1-66DE-3065-8DBD-3605C1F2098E}.MinSizeRel|Win32.ActiveCfg = MinSizeRel|Win32
		{D23DF2B1-66DE-3065-8DBD-3605C1F2098E}.MinSizeRel|Win32.Build.0 = MinSizeRel|Win32
		{D23DF2B1-66DE-3065-8DBD-3605C1F2098E}.RelWithDebInfo|Win32.ActiveCfg = RelWithDebInfo|Win32
		{D23DF2B1-66DE-3065-8DBD-3605C1F2098E}.RelWithDebInfo|Win32.Build.0 = RelWithDebInfo|Win32
		{107B5706-2AA0-3D1A-AF1A-4E420DA32BC2}.Debug|Win32.ActiveCfg = Debug|Win32
		{107B5706-2AA0-3D1A-AF1A-4E420DA32BC2}.Debug|Win32.Build.0 = Debug|Win32
		{107B5706-2AA0-3D1A-AF1A-4E420DA32BC2}.Release|Win32.ActiveCfg = Release|Win32
		{107B5706-2AA0-3D1A-AF1A-4E420DA32BC2}.Release|Win32.Build.0 = Release|Win32
		{107B5706-2AA0-3D1A-AF1A-4E420DA32BC2}.MinSizeRel|Win32.ActiveCfg = MinSizeRel|Win32
		{107B5706-2AA0-3D1A-AF1A-4E420DA32BC2}.MinSizeRel|Win32.Build.0 = MinSizeRel|Win32
		{107B5706-2AA0-3D1A-AF1A-4E420DA32BC2}.RelWithDebInfo|Win32.ActiveCfg = RelWithDebInfo|Win32
		{107B5706-2AA0-3D1A-AF1A-4E420DA32BC2}.RelWithDebInfo|Win32.Build.0 = RelWithDebInfo|Win32
		{237BEE10-C560-3B20-B3C7-758DBBBE1864}.Debug|Win32.ActiveCfg = Debug|Win32
		{237BEE10-C560-3B20-B3C7-758DBBBE1864}.Debug|Win32.Build.0 = Debug|Win32
		{237BEE10-C560-3B20-B3C7-758DBBBE1864}.Release|Win32.ActiveCfg = Release|Win32
		{237BEE10-C560-3B20-B3C7-758DBBBE1864}.Release|Win32.Build.0 = Release|Win32
		{237BEE10-C560-3B20-B3C7-758DBBBE1864}.MinSizeRel|Win32.ActiveCfg = MinSizeRel|Win32
		{237BEE10-C560-3B20-B3C7-758DBBBE1864}.MinSizeRel|Win32.Build.0 = MinSizeRel|Win32
		{237BEE10-C560-3B20-B3C7-758DBBBE1864}.RelWithDebInfo|Win32.ActiveCfg = RelWithDebInfo|Win32
		{237BEE10-C560-3B20-B3C7-758DBBBE1864}.RelWithDebInfo|Win32.Build.0 = RelWithDebInfo|Win32
		{C04AEDAD-4889-3E6D-A0B3-88594CDBE1CF}.Debug|Win32.ActiveCfg = Debug|Win32
		{C04AEDAD-4889-3E6D-A0B3-88594CDBE1CF}.Debug|Win32.Build.0 = Debug|Win32
		{C04AEDAD-4889-3E6D-A0B3-88594CDBE1CF}.Release|Win32.ActiveCfg = Release|Win32
		{C04AEDAD-4889-3E6D-A0B3-88594CDBE1CF}.Release|Win32.Build.0 = Release|Win32
		{C04AEDAD-4889-3E6D-A0B3-88594CDBE1CF}.MinSizeRel|Win32.ActiveCfg = MinSizeRel|Win32
		{C04AEDAD-4889-3E6D-A0B3-88594CDBE1CF}.MinSizeRel|Win32.Build.0 = MinSizeRel|Win32
		{C04AEDAD-4889-3E6D-A0B3-88594CDBE1CF}.RelWithDebInfo|Win32.ActiveCfg = RelWithDebInfo|Win32
		{C04AEDAD-4889-3E6D-A0B3-88594CDBE1CF}.RelWithDebInfo|Win32.Build.0 = RelWithDebInfo|Win32
		{9D6B748F-DA26-3275-89E0-D2CF7E99E06E}.Debug|Win32.ActiveCfg = Debug|Win32
		{9D6B748F-DA26-3275-89E0-D2CF7E99E06E}.Debug|Win32.Build.0 = Debug|Win32
		{9D6B748F-DA26-3275-89E0-D2CF7E99E06E}.Release|Win32.ActiveCfg = Release|Win32
		{9D6B748F-DA26-3275-89E0-D2CF7E99E06E}.Release|Win32.Build.0 = Release|Win32
		{9D6B748F-DA26-3275-89E0-D2CF7E99E06E}.MinSizeRel|Win32.ActiveCfg = MinSizeRel|Win32
		{9D6B748F-DA26-3275-89E0-D2CF7E99E06E}.MinSizeRel|Win32.Build.0 = MinSizeRel|Win32
		{9D6B748F-DA26-3275-89E0-D2CF7E99E06E}.RelWithDebInfo|Win32.ActiveCfg = RelWithDebInfo|Win32
		{9D6B748F-DA26-3275-89E0-D2CF7E99E06E}.RelWithDebInfo|Win32.Build.0 = RelWithDebInfo|Win32
		{7DB6F850-9623-39B3-8CC0-9E86DADDE1A0}.Debug|Win32.ActiveCfg = Debug|Win32
		{7DB6F850-9623-39B3-8CC0-9E86DADDE1A0}.Debug|Win32.Build.0 = Debug|Win32
		{7DB6F850-9623-39B3-8CC0-9E86DADDE1A0}.Release|Win32.ActiveCfg = Release|Win32
		{7DB6F850-9623-39B3-8CC0-9E86DADDE1A0}.Release|Win32.Build.0 = Release|Win32
		{7DB6F850-9623-39B3-8CC0-9E86DADDE1A0}.MinSizeRel|Win32.ActiveCfg = MinSizeRel|Win32
		{7DB6F850-9623-39B3-8CC0-9E86DADDE1A0}.MinSizeRel|Win32.Build.0 = MinSizeRel|Win32
		{7DB6F850-9623-39B3-8CC0-9E86DADDE1A0}.RelWithDebInfo|Win32.ActiveCfg = RelWithDebInfo|Win32
		{7DB6F850-9623-39B3-8CC0-9E86DADDE1A0}.RelWithDebInfo|Win32.Build.0 = RelWithDebInfo|Win32
		{909B5DE7-30CB-396D-A505-6FB8D4667213}.Debug|Win32.ActiveCfg = Debug|Win32
		{909B5DE7-30CB-396D-A505-6FB8D4667213}.Debug|Win32.Build.0 = Debug|Win32
		{909B5DE7-30CB-396D-A505-6FB8D4667213}.Release|Win32.ActiveCfg = Release|Win32
		{909B5DE7-30CB-396D-A505-6FB8D4667213}.Release|Win32.Build.0 = Release|Win32
		{909B5DE7-30CB-396D-A505-6FB8D4667213}.MinSizeRel|Win32.ActiveCfg = MinSizeRel|Win32
		{909B5DE7-30CB-396D-A505-6FB8D4667213}.MinSizeRel|Win32.Build.0 = MinSizeRel|Win32
		{909B5DE7-30CB-396D-A505-6FB8D4667213}.RelWithDebInfo|Win32.ActiveCfg = RelWithDebInfo|Win32
		{909B5DE7-30CB-396D-A505-6FB8D4667213}.RelWithDebInfo|Win32.Build.0 = RelWithDebInfo|Win32
		{8A24039A-EB58-39E4-AA06-DE6BD569E281}.Debug|Win32.ActiveCfg = Debug|Win32
		{8A24039A-EB58-39E4-AA06-DE6BD569E281}.Debug|Win32.Build.0 = Debug|Win32
		{8A24039A-EB58-39E4-AA06-DE6BD569E281}.Release|Win32.ActiveCfg = Release|Win32
		{8A24039A-EB58-39E4-AA06-DE6BD569E281}.Release|Win32.Build.0 = Release|Win32
		{8A24039A-EB58-39E4-AA06-DE6BD569E281}.MinSizeRel|Win32.ActiveCfg = MinSizeRel|Win32
		{8A24039A-EB58-39E4-AA06-DE6BD569E281}.MinSizeRel|Win32.Build.0 = MinSizeRel|Win32
		{8A24039A-EB58-39E4-AA06-DE6BD569E281}.RelWithDebInfo|Win32.ActiveCfg = RelWithDebInfo|Win32
		{8A24039A-EB58-39E4-AA06-DE6BD569E281}.RelWithDebInfo|Win32.Build.0 = RelWithDebInfo|Win32
		{B87154E5-F068-3E04-8A03-CC7EEEF56D09}.Debug|Win32.ActiveCfg = Debug|Win32
		{B87154E5-F068-3E04-8A03-CC7EEEF56D09}.Debug|Win32.Build.0 = Debug|Win32
		{B87154E5-F068-3E04-8A03-CC7EEEF56D09}.Release|Win32.ActiveCfg = Release|Win32
		{B87154E5-F068-3E04-8A03-CC7EEEF56D09}.Release|Win32.Build.0 = Release|Win32
		{B87154E5-F068-3E04-8A03-CC7EEEF56D09}.MinSizeRel|Win32.ActiveCfg = MinSizeRel|Win32
		{B87154E5-F068-3E04-8A03-CC7EEEF56D09}.MinSizeRel|Win32.Build.0 = MinSizeRel|Win32
		{B87154E5-F068-3E04-8A03-CC7EEEF56D09}.RelWithDebInfo|Win32.ActiveCfg = RelWithDebInfo|Win32
		{B87154E5-F068-3E04-8A03-CC7EEEF56D09}.RelWithDebInfo|Win32.Build.0 = RelWithDebInfo|Win32
		{B2073E32-8942-3DE0-ADEE-5986E2A4D206}.Debug|Win32.ActiveCfg = Debug|Win32
		{B2073E32-8942-3DE0-ADEE-5986E2A4D206}.Debug|Win32.Build.0 = Debug|Win32
		{B2073E32-8942-3DE0-ADEE-5986E2A4D206}.Release|Win32.ActiveCfg = Release|Win32
		{B2073E32-8942-3DE0-ADEE-5986E2A4D206}.Release|Win32.Build.0 = Release|Win32
		{B2073E32-8942-3DE0-ADEE-5986E2A4D206}.MinSizeRel|Win32.ActiveCfg = MinSizeRel|Win32
		{B2073E32-8942-3DE0-ADEE-5986E2A4D206}.MinSizeRel|Win32.Build.0 = MinSizeRel|Win32
		{B2073E32-8942-3DE0-ADEE-5986E2A4D206}.RelWithDebInfo|Win32.ActiveCfg = RelWithDebInfo|Win32
		{B2073E32-8942-3DE0-ADEE-5986E2A4D206}.RelWithDebInfo|Win32.Build.0 = RelWithDebInfo|Win32
		{E8E8BF5D-6B56-39AF-BE94-6B53AE36EE8C}.Debug|Win32.ActiveCfg = Debug|Win32
		{E8E8BF5D-6B56-39AF-BE94-6B53AE36EE8C}.Debug|Win32.Build.0 = Debug|Win32
		{E8E8BF5D-6B56-39AF-BE94-6B53AE36EE8C}.Release|Win32.ActiveCfg = Release|Win32
		{E8E8BF5D-6B56-39AF-BE94-6B53AE36EE8C}.Release|Win32.Build.0 = Release|Win32
		{E8E8BF5D-6B56-39AF-BE94-6B53AE36EE8C}.MinSizeRel|Win32.ActiveCfg = MinSizeRel|Win32
		{E8E8BF5D-6B56-39AF-BE94-6B53AE36EE8C}.MinSizeRel|Win32.Build.0 = MinSizeRel|Win32
		{E8E8BF5D-6B56-39AF-BE94-6B53AE36EE8C}.RelWithDebInfo|Win32.ActiveCfg = RelWithDebInfo|Win32
		{E8E8BF5D-6B56-39AF-BE94-6B53AE36EE8C}.RelWithDebInfo|Win32.Build.0 = RelWithDebInfo|Win32
		{C0EDE878-08D8-356D-81D3-BE2274C425FA}.Debug|Win32.ActiveCfg = Debug|Win32
		{C0EDE878-08D8-356D-81D3-BE2274C425FA}.Debug|Win32.Build.0 = Debug|Win32
		{C0EDE878-08D8-356D-81D3-BE2274C425FA}.Release|Win32.ActiveCfg = Release|Win32
		{C0EDE878-08D8-356D-81D3-BE2274C425FA}.Release|Win32.Build.0 = Release|Win32
		{C0EDE878-08D8-356D-81D3-BE2274C425FA}.MinSizeRel|Win32.ActiveCfg = MinSizeRel|Win32
		{C0EDE878-08D8-356D-81D3-BE2274C425FA}.MinSizeRel|Win32.Build.0 = MinSizeRel|Win32
		{C0EDE878-08D8-356D-81D3-BE2274C425FA}.RelWithDebInfo|Win32.ActiveCfg = RelWithDebInfo|Win32
		{C0EDE878-08D8-356D-81D3-BE2274C425FA}.RelWithDebInfo|Win32.Build.0 = RelWithDebInfo|Win32
		{CCA522EC-1B13-351A-8870-A7E2EF20713E}.Debug|Win32.ActiveCfg = Debug|Win32
		{CCA522EC-1B13-351A-8870-A7E2EF20713E}.Debug|Win32.Build.0 = Debug|Win32
		{CCA522EC-1B13-351A-8870-A7E2EF20713E}.Release|Win32.ActiveCfg = Release|Win32
		{CCA522EC-1B13-351A-8870-A7E2EF20713E}.Release|Win32.Build.0 = Release|Win32
		{CCA522EC-1B13-351A-8870-A7E2EF20713E}.MinSizeRel|Win32.ActiveCfg = MinSizeRel|Win32
		{CCA522EC-1B13-351A-8870-A7E2EF20713E}.MinSizeRel|Win32.Build.0 = MinSizeRel|Win32
		{CCA522EC-1B13-351A-8870-A7E2EF20713E}.RelWithDebInfo|Win32.ActiveCfg = RelWithDebInfo|Win32
		{CCA522EC-1B13-351A-8870-A7E2EF20713E}.RelWithDebInfo|Win32.Build.0 = RelWithDebInfo|Win32
	EndGlobalSection
	GlobalSection(NestedProjects) = preSolution
		{60FF56AC-2D70-347A-A712-1413B9DDEF68} = {DF2D7D3F-0C7B-3769-AF84-71796D30A647}
		{D23DF2B1-66DE-3065-8DBD-3605C1F2098E} = {DF2D7D3F-0C7B-3769-AF84-71796D30A647}
		{237BEE10-C560-3B20-B3C7-758DBBBE1864} = {E648DD3A-0315-30EF-A3F2-DE2A7531E255}
		{C04AEDAD-4889-3E6D-A0B3-88594CDBE1CF} = {E648DD3A-0315-30EF-A3F2-DE2A7531E255}
		{9D6B748F-DA26-3275-89E0-D2CF7E99E06E} = {E648DD3A-0315-30EF-A3F2-DE2A7531E255}
		{7DB6F850-9623-39B3-8CC0-9E86DADDE1A0} = {E648DD3A-0315-30EF-A3F2-DE2A7531E255}
		{909B5DE7-30CB-396D-A505-6FB8D4667213} = {E648DD3A-0315-30EF-A3F2-DE2A7531E255}
		{8A24039A-EB58-39E4-AA06-DE6BD569E281} = {E648DD3A-0315-30EF-A3F2-DE2A7531E255}
		{B87154E5-F068-3E04-8A03-CC7EEEF56D09} = {E648DD3A-0315-30EF-A3F2-DE2A7531E255}
		{B2073E32-8942-3DE0-ADEE-5986E2A4D206} = {E648DD3A-0315-30EF-A3F2-DE2A7531E255}
		{E8E8BF5D-6B56-39AF-BE94-6B53AE36EE8C} = {E648DD3A-0315-30EF-A3F2-DE2A7531E255}
		{C0EDE878-08D8-356D-81D3-BE2274C425FA} = {E648DD3A-0315-30EF-A3F2-DE2A7531E255}
		{CCA522EC-1B13-351A-8870-A7E2EF20713E} = {E648DD3A-0315-30EF-A3F2-DE2A7531E255}
		{107B5706-2AA0-3D1A-AF1A-4E420DA32BC2} = {5A6A7265-947A-3DFD-806E-C243F071A1C9}
		{B50D7CFA-EB40-30C5-85B3-91A0B6E7DB94} = {2653CEA3-2940-31E4-957A-3AA0BB3DF06D}
	EndGlobalSection
	GlobalSection(ExtensibilityGlobals) = postSolution
		SolutionGuid = {A3E00800-E114-39F6-820F-9202552176F7}
	EndGlobalSection
	GlobalSection(ExtensibilityAddIns) = postSolution
	EndGlobalSection
EndGlobal
