<?xml version="1.0" encoding="utf-8"?>
<Project ToolsVersion="16.0" xmlns="http://schemas.microsoft.com/developer/msbuild/2003">
  <ItemGroup>
    <ClCompile Include="D:\cocos\FinalProjectGit\SETerminal\Classes\AppDelegate.cpp">
      <Filter>Source Files\Classes</Filter>
    </ClCompile>
    <ClCompile Include="D:\cocos\FinalProjectGit\SETerminal\Classes\Scene\HelloWorldScene.cpp">
      <Filter>Source Files\Classes\Scene</Filter>
    </ClCompile>
    <ClCompile Include="D:\cocos\FinalProjectGit\SETerminal\Classes\Item\Bullet\Bullet.cpp">
      <Filter>Source Files\Classes\Item\Bullet</Filter>
    </ClCompile>
    <ClCompile Include="D:\cocos\FinalProjectGit\SETerminal\Classes\Scene\GameOverScene.cpp">
      <Filter>Source Files\Classes\Scene</Filter>
    </ClCompile>
    <ClCompile Include="D:\cocos\FinalProjectGit\SETerminal\Classes\Character\Player.cpp">
      <Filter>Source Files\Classes\Character</Filter>
    </ClCompile>
    <ClCompile Include="D:\cocos\FinalProjectGit\SETerminal\Classes\Character\Character.cpp">
      <Filter>Source Files\Classes\Character</Filter>
    </ClCompile>
    <ClCompile Include="D:\cocos\FinalProjectGit\SETerminal\Classes\Character\Monster.cpp">
      <Filter>Source Files\Classes\Character</Filter>
    </ClCompile>
    <ClCompile Include="D:\cocos\FinalProjectGit\SETerminal\Classes\Item\PlayerWeapon\Weapon.cpp">
      <Filter>Source Files\Classes\Item\PlayerWeapon</Filter>
    </ClCompile>
    <ClCompile Include="D:\cocos\FinalProjectGit\SETerminal\Classes\Item\Item.cpp">
      <Filter>Source Files\Classes\Item</Filter>
    </ClCompile>
    <ClCompile Include="D:\cocos\FinalProjectGit\SETerminal\proj.win32\main.cpp">
      <Filter>Source Files\proj.win32</Filter>
    </ClCompile>
    <ClCompile Include="D:\cocos\FinalProjectGit\SETerminal\cocos2d\cocos\precheader.cpp">
      <Filter>Source Files</Filter>
    </ClCompile>
  </ItemGroup>
  <ItemGroup>
    <ClInclude Include="D:\cocos\FinalProjectGit\SETerminal\Classes\AppDelegate.h">
      <Filter>Source Files\Classes</Filter>
    </ClInclude>
    <ClInclude Include="D:\cocos\FinalProjectGit\SETerminal\Classes\Scene\HelloWorldScene.h">
      <Filter>Source Files\Classes\Scene</Filter>
    </ClInclude>
    <ClInclude Include="D:\cocos\FinalProjectGit\SETerminal\Classes\Item\Bullet\Bullet.h">
      <Filter>Source Files\Classes\Item\Bullet</Filter>
    </ClInclude>
    <ClInclude Include="D:\cocos\FinalProjectGit\SETerminal\Classes\Scene\GameOverScene.h">
      <Filter>Source Files\Classes\Scene</Filter>
    </ClInclude>
    <ClInclude Include="D:\cocos\FinalProjectGit\SETerminal\Classes\Character\Player.h">
      <Filter>Source Files\Classes\Character</Filter>
    </ClInclude>
    <ClInclude Include="D:\cocos\FinalProjectGit\SETerminal\Classes\Character\Character.h">
      <Filter>Source Files\Classes\Character</Filter>
    </ClInclude>
    <ClInclude Include="D:\cocos\FinalProjectGit\SETerminal\Classes\Character\Monster.h">
      <Filter>Source Files\Classes\Character</Filter>
    </ClInclude>
    <ClInclude Include="D:\cocos\FinalProjectGit\SETerminal\Classes\Item\PlayerWeapon\Weapon.h">
      <Filter>Source Files\Classes\Item\PlayerWeapon</Filter>
    </ClInclude>
    <ClInclude Include="D:\cocos\FinalProjectGit\SETerminal\Classes\Item\Item.h">
      <Filter>Source Files\Classes\Item</Filter>
    </ClInclude>
    <ClInclude Include="D:\cocos\FinalProjectGit\SETerminal\proj.win32\main.h">
      <Filter>Source Files\proj.win32</Filter>
    </ClInclude>
    <ClInclude Include="D:\cocos\FinalProjectGit\SETerminal\proj.win32\resource.h">
      <Filter>Source Files\proj.win32</Filter>
    </ClInclude>
    <ClInclude Include="D:\cocos\FinalProjectGit\SETerminal\Resources\CloseNormal.png">
      <Filter>Resources</Filter>
    </ClInclude>
    <ClInclude Include="D:\cocos\FinalProjectGit\SETerminal\Resources\CloseSelected.png">
      <Filter>Resources</Filter>
    </ClInclude>
    <ClInclude Include="D:\cocos\FinalProjectGit\SETerminal\Resources\HelloWorld.png">
      <Filter>Resources</Filter>
    </ClInclude>
    <ClInclude Include="D:\cocos\FinalProjectGit\SETerminal\Resources\dart.png">
      <Filter>Resources</Filter>
    </ClInclude>
    <ClInclude Include="D:\cocos\FinalProjectGit\SETerminal\Resources\dart_enemy.png">
      <Filter>Resources</Filter>
    </ClInclude>
    <ClInclude Include="D:\cocos\FinalProjectGit\SETerminal\Resources\default_sec_weapon.png">
      <Filter>Resources</Filter>
    </ClInclude>
    <ClInclude Include="D:\cocos\FinalProjectGit\SETerminal\Resources\default_weapon.png">
      <Filter>Resources</Filter>
    </ClInclude>
    <ClInclude Include="D:\cocos\FinalProjectGit\SETerminal\Resources\fonts\Marker Felt.ttf">
      <Filter>Resources\fonts</Filter>
    </ClInclude>
    <ClInclude Include="D:\cocos\FinalProjectGit\SETerminal\Resources\fonts\arial.ttf">
      <Filter>Resources\fonts</Filter>
    </ClInclude>
    <ClInclude Include="D:\cocos\FinalProjectGit\SETerminal\Resources\gameover.png">
      <Filter>Resources</Filter>
    </ClInclude>
    <ClInclude Include="D:\cocos\FinalProjectGit\SETerminal\Resources\monster.png">
      <Filter>Resources</Filter>
    </ClInclude>
    <ClInclude Include="D:\cocos\FinalProjectGit\SETerminal\Resources\myfirst.tmx">
      <Filter>Resources</Filter>
    </ClInclude>
    <ClInclude Include="D:\cocos\FinalProjectGit\SETerminal\Resources\player.png">
      <Filter>Resources</Filter>
    </ClInclude>
    <ClInclude Include="D:\cocos\FinalProjectGit\SETerminal\Resources\res\.gitkeep">
      <Filter>Resources\res</Filter>
    </ClInclude>
    <ClInclude Include="D:\cocos\FinalProjectGit\SETerminal\Resources\tmw_desert_spacing.png">
      <Filter>Resources</Filter>
    </ClInclude>
    <ClInclude Include="D:\cocos\FinalProjectGit\SETerminal\Resources\tmw_desert_spacing.tsx">
      <Filter>Resources</Filter>
    </ClInclude>
  </ItemGroup>
  <ItemGroup>
    <CustomBuild Include="D:\cocos\FinalProjectGit\SETerminal\CMakeLists.txt" />
  </ItemGroup>
  <ItemGroup>
    <ResourceCompile Include="D:\cocos\FinalProjectGit\SETerminal\proj.win32\game.rc">
      <Filter>Source Files\proj.win32</Filter>
    </ResourceCompile>
  </ItemGroup>
  <ItemGroup>
    <Filter Include="Resources">
      <UniqueIdentifier>{FB07A800-3385-3433-924C-213D644B587F}</UniqueIdentifier>
    </Filter>
    <Filter Include="Resources\fonts">
      <UniqueIdentifier>{61BF2F31-0B69-3806-B8B1-2CA4E603B4E0}</UniqueIdentifier>
    </Filter>
    <Filter Include="Resources\res">
      <UniqueIdentifier>{153A4AA6-51EE-3EDC-93FC-AA4E4269061F}</UniqueIdentifier>
    </Filter>
    <Filter Include="Source Files">
      <UniqueIdentifier>{26DD61CF-9592-326B-ADD4-BFDE31D534A1}</UniqueIdentifier>
    </Filter>
    <Filter Include="Source Files\Classes">
      <UniqueIdentifier>{E1C73969-94C4-37CB-9CEB-8D9B8E358788}</UniqueIdentifier>
    </Filter>
    <Filter Include="Source Files\Classes\Character">
      <UniqueIdentifier>{115E1831-493C-32CD-88DC-46AE19DC1CE8}</UniqueIdentifier>
    </Filter>
    <Filter Include="Source Files\Classes\Item">
      <UniqueIdentifier>{A50EFEC4-2926-372A-A79C-13FAF6785F09}</UniqueIdentifier>
    </Filter>
    <Filter Include="Source Files\Classes\Item\Bullet">
      <UniqueIdentifier>{9CCFDC9E-7B05-3307-81C6-C8796D4E9769}</UniqueIdentifier>
    </Filter>
    <Filter Include="Source Files\Classes\Item\PlayerWeapon">
      <UniqueIdentifier>{DDFAE087-D3A5-3F7A-922C-0B950936474B}</UniqueIdentifier>
    </Filter>
    <Filter Include="Source Files\Classes\Scene">
      <UniqueIdentifier>{6D16BEF7-7EA4-3B86-8388-C3879B1B06DE}</UniqueIdentifier>
    </Filter>
    <Filter Include="Source Files\proj.win32">
      <UniqueIdentifier>{1587A5D8-87E1-3FB2-9C4A-2763A805660F}</UniqueIdentifier>
    </Filter>
  </ItemGroup>
</Project>
